version = 1
requires-python = ">=3.10"

[[package]]
name = "api-debug-env"
version = "1.0.0"
source = { editable = "." }
dependencies = [
  { name = "openenv-core" },
  { name = "fastapi" },
  { name = "uvicorn" },
  { name = "pydantic" },
  { name = "httpx" },
  { name = "python-dotenv" },
  { name = "openai" },
]
